// !$*UTF8*$!
{
	archiveVersion = 1;
	classes = {
	};
	objectVersion = 56;
	objects = {

/* Begin PBXBuildFile section */
		AF0F2AAC2C2F087B0089A10F /* WebService.swift in Sources */ = {isa = PBXBuildFile; fileRef = AF0F2AAB2C2F087B0089A10F /* WebService.swift */; };
		AF0F2AAE2C2F24680089A10F /* SignUpRequest.swift in Sources */ = {isa = PBXBuildFile; fileRef = AF0F2AAD2C2F24680089A10F /* SignUpRequest.swift */; };
		AF0F2AB02C2F2EA30089A10F /* SignUpResponse.swift in Sources */ = {isa = PBXBuildFile; fileRef = AF0F2AAF2C2F2EA30089A10F /* SignUpResponse.swift */; };
		AF0F2AB22C2F31120089A10F /* ErrorResponse.swift in Sources */ = {isa = PBXBuildFile; fileRef = AF0F2AB12C2F31120089A10F /* ErrorResponse.swift */; };
		AF0F2AB42C2F37EE0089A10F /* SignInRequest.swift in Sources */ = {isa = PBXBuildFile; fileRef = AF0F2AB32C2F37EE0089A10F /* SignInRequest.swift */; };
		AF0F2AB62C2F38B10089A10F /* SignInResponse.swift in Sources */ = {isa = PBXBuildFile; fileRef = AF0F2AB52C2F38B10089A10F /* SignInResponse.swift */; };
		AF0F2AB82C2F405D0089A10F /* SignInErrorResponse.swift in Sources */ = {isa = PBXBuildFile; fileRef = AF0F2AB72C2F405D0089A10F /* SignInErrorResponse.swift */; };
		AF1530A42C29C395009041A8 /* HabitPlusApp.swift in Sources */ = {isa = PBXBuildFile; fileRef = AF1530A32C29C395009041A8 /* HabitPlusApp.swift */; };
		AF1530A82C29C399009041A8 /* Assets.xcassets in Resources */ = {isa = PBXBuildFile; fileRef = AF1530A72C29C399009041A8 /* Assets.xcassets */; };
		AF1530AB2C29C399009041A8 /* Preview Assets.xcassets in Resources */ = {isa = PBXBuildFile; fileRef = AF1530AA2C29C399009041A8 /* Preview Assets.xcassets */; };
		AF1530B52C29C399009041A8 /* HabitPlusTests.swift in Sources */ = {isa = PBXBuildFile; fileRef = AF1530B42C29C399009041A8 /* HabitPlusTests.swift */; };
		AF1530BF2C29C399009041A8 /* HabitPlusUITests.swift in Sources */ = {isa = PBXBuildFile; fileRef = AF1530BE2C29C399009041A8 /* HabitPlusUITests.swift */; };
		AF1530C12C29C399009041A8 /* HabitPlusUITestsLaunchTests.swift in Sources */ = {isa = PBXBuildFile; fileRef = AF1530C02C29C399009041A8 /* HabitPlusUITestsLaunchTests.swift */; };
		AF23EA4C2C2C75BB00727F07 /* SignInViewRouter.swift in Sources */ = {isa = PBXBuildFile; fileRef = AF23EA4B2C2C75BB00727F07 /* SignInViewRouter.swift */; };
		AF23EA562C2C765B00727F07 /* HomeViewModel.swift in Sources */ = {isa = PBXBuildFile; fileRef = AF23EA552C2C765B00727F07 /* HomeViewModel.swift */; };
		AF23EA582C2C766D00727F07 /* HomeView.swift in Sources */ = {isa = PBXBuildFile; fileRef = AF23EA572C2C766D00727F07 /* HomeView.swift */; };
		AF23EA5A2C2C769400727F07 /* SignUpView.swift in Sources */ = {isa = PBXBuildFile; fileRef = AF23EA592C2C769400727F07 /* SignUpView.swift */; };
		AF23EA5E2C2C7A0F00727F07 /* Gender.swift in Sources */ = {isa = PBXBuildFile; fileRef = AF23EA5D2C2C7A0F00727F07 /* Gender.swift */; };
		AF23EA602C2C84FA00727F07 /* SignUpUIState.swift in Sources */ = {isa = PBXBuildFile; fileRef = AF23EA5F2C2C84FA00727F07 /* SignUpUIState.swift */; };
		AF23EA622C2C853B00727F07 /* SignUpViewModel.swift in Sources */ = {isa = PBXBuildFile; fileRef = AF23EA612C2C853B00727F07 /* SignUpViewModel.swift */; };
		AF23EA642C2C85B000727F07 /* SignUpViewRouter.swift in Sources */ = {isa = PBXBuildFile; fileRef = AF23EA632C2C85B000727F07 /* SignUpViewRouter.swift */; };
		AF3FB3022C2DA80D00A3C77A /* EditTextView.swift in Sources */ = {isa = PBXBuildFile; fileRef = AF3FB3012C2DA80D00A3C77A /* EditTextView.swift */; };
		AF730F122C60FAD800D19323 /* SignInInteractor.swift in Sources */ = {isa = PBXBuildFile; fileRef = AF730F112C60FAD800D19323 /* SignInInteractor.swift */; };
		AF730F142C60FCAC00D19323 /* RemoteDataSource.swift in Sources */ = {isa = PBXBuildFile; fileRef = AF730F132C60FCAC00D19323 /* RemoteDataSource.swift */; };
		AFA5DD572C2DAEBE00CBEB1F /* CustomTextFieldStyle.swift in Sources */ = {isa = PBXBuildFile; fileRef = AFA5DD562C2DAEBE00CBEB1F /* CustomTextFieldStyle.swift */; };
		AFA5DD5A2C2DB2A500CBEB1F /* String+Extension.swift in Sources */ = {isa = PBXBuildFile; fileRef = AFA5DD592C2DB2A500CBEB1F /* String+Extension.swift */; };
		AFA5DD5C2C2DB49000CBEB1F /* LoadingButtonView.swift in Sources */ = {isa = PBXBuildFile; fileRef = AFA5DD5B2C2DB49000CBEB1F /* LoadingButtonView.swift */; };
		AFEE19A92C29CF2300C524BB /* SplashView.swift in Sources */ = {isa = PBXBuildFile; fileRef = AFEE19A82C29CF2300C524BB /* SplashView.swift */; };
		AFEE19AB2C29CFC300C524BB /* SplashUIState.swift in Sources */ = {isa = PBXBuildFile; fileRef = AFEE19AA2C29CFC300C524BB /* SplashUIState.swift */; };
		AFEE19AE2C29DA9900C524BB /* SplashViewModel.swift in Sources */ = {isa = PBXBuildFile; fileRef = AFEE19AD2C29DA9900C524BB /* SplashViewModel.swift */; };
		AFEE19B42C29EF0700C524BB /* SignInView.swift in Sources */ = {isa = PBXBuildFile; fileRef = AFEE19B32C29EF0700C524BB /* SignInView.swift */; };
		AFEE19B62C29EF3B00C524BB /* SignInUIState.swift in Sources */ = {isa = PBXBuildFile; fileRef = AFEE19B52C29EF3B00C524BB /* SignInUIState.swift */; };
		AFEE19B82C29EF4A00C524BB /* SignInViewModel.swift in Sources */ = {isa = PBXBuildFile; fileRef = AFEE19B72C29EF4A00C524BB /* SignInViewModel.swift */; };
		AFEE19BA2C29F04600C524BB /* SplashViewRouter.swift in Sources */ = {isa = PBXBuildFile; fileRef = AFEE19B92C29F04600C524BB /* SplashViewRouter.swift */; };
/* End PBXBuildFile section */

/* Begin PBXContainerItemProxy section */
		AF1530B12C29C399009041A8 /* PBXContainerItemProxy */ = {
			isa = PBXContainerItemProxy;
			containerPortal = AF1530982C29C395009041A8 /* Project object */;
			proxyType = 1;
			remoteGlobalIDString = AF15309F2C29C395009041A8;
			remoteInfo = HabitPlus;
		};
		AF1530BB2C29C399009041A8 /* PBXContainerItemProxy */ = {
			isa = PBXContainerItemProxy;
			containerPortal = AF1530982C29C395009041A8 /* Project object */;
			proxyType = 1;
			remoteGlobalIDString = AF15309F2C29C395009041A8;
			remoteInfo = HabitPlus;
		};
/* End PBXContainerItemProxy section */

/* Begin PBXFileReference section */
		AF0F2AAB2C2F087B0089A10F /* WebService.swift */ = {isa = PBXFileReference; lastKnownFileType = sourcecode.swift; path = WebService.swift; sourceTree = "<group>"; };
		AF0F2AAD2C2F24680089A10F /* SignUpRequest.swift */ = {isa = PBXFileReference; lastKnownFileType = sourcecode.swift; path = SignUpRequest.swift; sourceTree = "<group>"; };
		AF0F2AAF2C2F2EA30089A10F /* SignUpResponse.swift */ = {isa = PBXFileReference; lastKnownFileType = sourcecode.swift; path = SignUpResponse.swift; sourceTree = "<group>"; };
		AF0F2AB12C2F31120089A10F /* ErrorResponse.swift */ = {isa = PBXFileReference; lastKnownFileType = sourcecode.swift; path = ErrorResponse.swift; sourceTree = "<group>"; };
		AF0F2AB32C2F37EE0089A10F /* SignInRequest.swift */ = {isa = PBXFileReference; lastKnownFileType = sourcecode.swift; path = SignInRequest.swift; sourceTree = "<group>"; };
		AF0F2AB52C2F38B10089A10F /* SignInResponse.swift */ = {isa = PBXFileReference; lastKnownFileType = sourcecode.swift; path = SignInResponse.swift; sourceTree = "<group>"; };
		AF0F2AB72C2F405D0089A10F /* SignInErrorResponse.swift */ = {isa = PBXFileReference; lastKnownFileType = sourcecode.swift; path = SignInErrorResponse.swift; sourceTree = "<group>"; };
		AF1530A02C29C395009041A8 /* HabitPlus.app */ = {isa = PBXFileReference; explicitFileType = wrapper.application; includeInIndex = 0; path = HabitPlus.app; sourceTree = BUILT_PRODUCTS_DIR; };
		AF1530A32C29C395009041A8 /* HabitPlusApp.swift */ = {isa = PBXFileReference; lastKnownFileType = sourcecode.swift; path = HabitPlusApp.swift; sourceTree = "<group>"; };
		AF1530A72C29C399009041A8 /* Assets.xcassets */ = {isa = PBXFileReference; lastKnownFileType = folder.assetcatalog; path = Assets.xcassets; sourceTree = "<group>"; };
		AF1530AA2C29C399009041A8 /* Preview Assets.xcassets */ = {isa = PBXFileReference; lastKnownFileType = folder.assetcatalog; path = "Preview Assets.xcassets"; sourceTree = "<group>"; };
		AF1530B02C29C399009041A8 /* HabitPlusTests.xctest */ = {isa = PBXFileReference; explicitFileType = wrapper.cfbundle; includeInIndex = 0; path = HabitPlusTests.xctest; sourceTree = BUILT_PRODUCTS_DIR; };
		AF1530B42C29C399009041A8 /* HabitPlusTests.swift */ = {isa = PBXFileReference; lastKnownFileType = sourcecode.swift; path = HabitPlusTests.swift; sourceTree = "<group>"; };
		AF1530BA2C29C399009041A8 /* HabitPlusUITests.xctest */ = {isa = PBXFileReference; explicitFileType = wrapper.cfbundle; includeInIndex = 0; path = HabitPlusUITests.xctest; sourceTree = BUILT_PRODUCTS_DIR; };
		AF1530BE2C29C399009041A8 /* HabitPlusUITests.swift */ = {isa = PBXFileReference; lastKnownFileType = sourcecode.swift; path = HabitPlusUITests.swift; sourceTree = "<group>"; };
		AF1530C02C29C399009041A8 /* HabitPlusUITestsLaunchTests.swift */ = {isa = PBXFileReference; lastKnownFileType = sourcecode.swift; path = HabitPlusUITestsLaunchTests.swift; sourceTree = "<group>"; };
		AF23EA4B2C2C75BB00727F07 /* SignInViewRouter.swift */ = {isa = PBXFileReference; lastKnownFileType = sourcecode.swift; path = SignInViewRouter.swift; sourceTree = "<group>"; };
		AF23EA552C2C765B00727F07 /* HomeViewModel.swift */ = {isa = PBXFileReference; lastKnownFileType = sourcecode.swift; path = HomeViewModel.swift; sourceTree = "<group>"; };
		AF23EA572C2C766D00727F07 /* HomeView.swift */ = {isa = PBXFileReference; lastKnownFileType = sourcecode.swift; path = HomeView.swift; sourceTree = "<group>"; };
		AF23EA592C2C769400727F07 /* SignUpView.swift */ = {isa = PBXFileReference; lastKnownFileType = sourcecode.swift; path = SignUpView.swift; sourceTree = "<group>"; };
		AF23EA5D2C2C7A0F00727F07 /* Gender.swift */ = {isa = PBXFileReference; lastKnownFileType = sourcecode.swift; path = Gender.swift; sourceTree = "<group>"; };
		AF23EA5F2C2C84FA00727F07 /* SignUpUIState.swift */ = {isa = PBXFileReference; lastKnownFileType = sourcecode.swift; path = SignUpUIState.swift; sourceTree = "<group>"; };
		AF23EA612C2C853B00727F07 /* SignUpViewModel.swift */ = {isa = PBXFileReference; lastKnownFileType = sourcecode.swift; path = SignUpViewModel.swift; sourceTree = "<group>"; };
		AF23EA632C2C85B000727F07 /* SignUpViewRouter.swift */ = {isa = PBXFileReference; lastKnownFileType = sourcecode.swift; path = SignUpViewRouter.swift; sourceTree = "<group>"; };
		AF3FB3012C2DA80D00A3C77A /* EditTextView.swift */ = {isa = PBXFileReference; lastKnownFileType = sourcecode.swift; path = EditTextView.swift; sourceTree = "<group>"; };
		AF730F112C60FAD800D19323 /* SignInInteractor.swift */ = {isa = PBXFileReference; lastKnownFileType = sourcecode.swift; path = SignInInteractor.swift; sourceTree = "<group>"; };
		AF730F132C60FCAC00D19323 /* RemoteDataSource.swift */ = {isa = PBXFileReference; lastKnownFileType = sourcecode.swift; path = RemoteDataSource.swift; sourceTree = "<group>"; };
		AFA5DD562C2DAEBE00CBEB1F /* CustomTextFieldStyle.swift */ = {isa = PBXFileReference; lastKnownFileType = sourcecode.swift; path = CustomTextFieldStyle.swift; sourceTree = "<group>"; };
		AFA5DD592C2DB2A500CBEB1F /* String+Extension.swift */ = {isa = PBXFileReference; lastKnownFileType = sourcecode.swift; path = "String+Extension.swift"; sourceTree = "<group>"; };
		AFA5DD5B2C2DB49000CBEB1F /* LoadingButtonView.swift */ = {isa = PBXFileReference; lastKnownFileType = sourcecode.swift; path = LoadingButtonView.swift; sourceTree = "<group>"; };
		AFEE19A82C29CF2300C524BB /* SplashView.swift */ = {isa = PBXFileReference; lastKnownFileType = sourcecode.swift; path = SplashView.swift; sourceTree = "<group>"; };
		AFEE19AA2C29CFC300C524BB /* SplashUIState.swift */ = {isa = PBXFileReference; lastKnownFileType = sourcecode.swift; path = SplashUIState.swift; sourceTree = "<group>"; };
		AFEE19AD2C29DA9900C524BB /* SplashViewModel.swift */ = {isa = PBXFileReference; lastKnownFileType = sourcecode.swift; path = SplashViewModel.swift; sourceTree = "<group>"; };
		AFEE19B32C29EF0700C524BB /* SignInView.swift */ = {isa = PBXFileReference; lastKnownFileType = sourcecode.swift; path = SignInView.swift; sourceTree = "<group>"; };
		AFEE19B52C29EF3B00C524BB /* SignInUIState.swift */ = {isa = PBXFileReference; lastKnownFileType = sourcecode.swift; path = SignInUIState.swift; sourceTree = "<group>"; };
		AFEE19B72C29EF4A00C524BB /* SignInViewModel.swift */ = {isa = PBXFileReference; lastKnownFileType = sourcecode.swift; path = SignInViewModel.swift; sourceTree = "<group>"; };
		AFEE19B92C29F04600C524BB /* SplashViewRouter.swift */ = {isa = PBXFileReference; lastKnownFileType = sourcecode.swift; path = SplashViewRouter.swift; sourceTree = "<group>"; };
/* End PBXFileReference section */

/* Begin PBXFrameworksBuildPhase section */
		AF15309D2C29C395009041A8 /* Frameworks */ = {
			isa = PBXFrameworksBuildPhase;
			buildActionMask = 2147483647;
			files = (
			);
			runOnlyForDeploymentPostprocessing = 0;
		};
		AF1530AD2C29C399009041A8 /* Frameworks */ = {
			isa = PBXFrameworksBuildPhase;
			buildActionMask = 2147483647;
			files = (
			);
			runOnlyForDeploymentPostprocessing = 0;
		};
		AF1530B72C29C399009041A8 /* Frameworks */ = {
			isa = PBXFrameworksBuildPhase;
			buildActionMask = 2147483647;
			files = (
			);
			runOnlyForDeploymentPostprocessing = 0;
		};
/* End PBXFrameworksBuildPhase section */

/* Begin PBXGroup section */
		AF0F2AAA2C2F085B0089A10F /* Network */ = {
			isa = PBXGroup;
			children = (
				AF0F2AAB2C2F087B0089A10F /* WebService.swift */,
				AF730F132C60FCAC00D19323 /* RemoteDataSource.swift */,
			);
			path = Network;
			sourceTree = "<group>";
		};
		AF1530972C29C395009041A8 = {
			isa = PBXGroup;
			children = (
				AF1530A22C29C395009041A8 /* HabitPlus */,
				AF1530B32C29C399009041A8 /* HabitPlusTests */,
				AF1530BD2C29C399009041A8 /* HabitPlusUITests */,
				AF1530A12C29C395009041A8 /* Products */,
			);
			sourceTree = "<group>";
		};
		AF1530A12C29C395009041A8 /* Products */ = {
			isa = PBXGroup;
			children = (
				AF1530A02C29C395009041A8 /* HabitPlus.app */,
				AF1530B02C29C399009041A8 /* HabitPlusTests.xctest */,
				AF1530BA2C29C399009041A8 /* HabitPlusUITests.xctest */,
			);
			name = Products;
			sourceTree = "<group>";
		};
		AF1530A22C29C395009041A8 /* HabitPlus */ = {
			isa = PBXGroup;
			children = (
				AF23EA5B2C2C79FE00727F07 /* Common */,
				AF23EA512C2C763200727F07 /* SignUp */,
				AF23EA4D2C2C761B00727F07 /* Home */,
				AFEE19AF2C29EEDC00C524BB /* SignIn */,
				AFEE19A52C29CEE800C524BB /* Splash */,
				AF1530A32C29C395009041A8 /* HabitPlusApp.swift */,
				AF1530A72C29C399009041A8 /* Assets.xcassets */,
				AF1530A92C29C399009041A8 /* Preview Content */,
			);
			path = HabitPlus;
			sourceTree = "<group>";
		};
		AF1530A92C29C399009041A8 /* Preview Content */ = {
			isa = PBXGroup;
			children = (
				AF1530AA2C29C399009041A8 /* Preview Assets.xcassets */,
			);
			path = "Preview Content";
			sourceTree = "<group>";
		};
		AF1530B32C29C399009041A8 /* HabitPlusTests */ = {
			isa = PBXGroup;
			children = (
				AF1530B42C29C399009041A8 /* HabitPlusTests.swift */,
			);
			path = HabitPlusTests;
			sourceTree = "<group>";
		};
		AF1530BD2C29C399009041A8 /* HabitPlusUITests */ = {
			isa = PBXGroup;
			children = (
				AF1530BE2C29C399009041A8 /* HabitPlusUITests.swift */,
				AF1530C02C29C399009041A8 /* HabitPlusUITestsLaunchTests.swift */,
			);
			path = HabitPlusUITests;
			sourceTree = "<group>";
		};
		AF23EA4D2C2C761B00727F07 /* Home */ = {
			isa = PBXGroup;
			children = (
				AF23EA502C2C762A00727F07 /* ViewModel */,
				AF23EA4F2C2C762600727F07 /* Model */,
				AF23EA4E2C2C762000727F07 /* View */,
			);
			path = Home;
			sourceTree = "<group>";
		};
		AF23EA4E2C2C762000727F07 /* View */ = {
			isa = PBXGroup;
			children = (
				AF23EA572C2C766D00727F07 /* HomeView.swift */,
			);
			path = View;
			sourceTree = "<group>";
		};
		AF23EA4F2C2C762600727F07 /* Model */ = {
			isa = PBXGroup;
			children = (
			);
			path = Model;
			sourceTree = "<group>";
		};
		AF23EA502C2C762A00727F07 /* ViewModel */ = {
			isa = PBXGroup;
			children = (
				AF23EA552C2C765B00727F07 /* HomeViewModel.swift */,
			);
			path = ViewModel;
			sourceTree = "<group>";
		};
		AF23EA512C2C763200727F07 /* SignUp */ = {
			isa = PBXGroup;
			children = (
				AF23EA542C2C764100727F07 /* ViewModel */,
				AF23EA532C2C763D00727F07 /* Model */,
				AF23EA522C2C763800727F07 /* View */,
			);
			path = SignUp;
			sourceTree = "<group>";
		};
		AF23EA522C2C763800727F07 /* View */ = {
			isa = PBXGroup;
			children = (
				AF23EA592C2C769400727F07 /* SignUpView.swift */,
			);
			path = View;
			sourceTree = "<group>";
		};
		AF23EA532C2C763D00727F07 /* Model */ = {
			isa = PBXGroup;
			children = (
				AF23EA5F2C2C84FA00727F07 /* SignUpUIState.swift */,
				AF23EA632C2C85B000727F07 /* SignUpViewRouter.swift */,
				AF0F2AAD2C2F24680089A10F /* SignUpRequest.swift */,
				AF0F2AAF2C2F2EA30089A10F /* SignUpResponse.swift */,
			);
			path = Model;
			sourceTree = "<group>";
		};
		AF23EA542C2C764100727F07 /* ViewModel */ = {
			isa = PBXGroup;
			children = (
				AF23EA612C2C853B00727F07 /* SignUpViewModel.swift */,
			);
			path = ViewModel;
			sourceTree = "<group>";
		};
		AF23EA5B2C2C79FE00727F07 /* Common */ = {
			isa = PBXGroup;
			children = (
				AF0F2AAA2C2F085B0089A10F /* Network */,
				AFA5DD582C2DB28100CBEB1F /* Lang */,
				AF3FB3002C2DA7F600A3C77A /* View */,
				AF23EA5C2C2C7A0400727F07 /* Model */,
			);
			path = Common;
			sourceTree = "<group>";
		};
		AF23EA5C2C2C7A0400727F07 /* Model */ = {
			isa = PBXGroup;
			children = (
				AF23EA5D2C2C7A0F00727F07 /* Gender.swift */,
				AF0F2AB12C2F31120089A10F /* ErrorResponse.swift */,
			);
			path = Model;
			sourceTree = "<group>";
		};
		AF3FB3002C2DA7F600A3C77A /* View */ = {
			isa = PBXGroup;
			children = (
				AFA5DD552C2DAEAF00CBEB1F /* Style */,
				AF3FB3012C2DA80D00A3C77A /* EditTextView.swift */,
				AFA5DD5B2C2DB49000CBEB1F /* LoadingButtonView.swift */,
			);
			path = View;
			sourceTree = "<group>";
		};
		AF730F102C60FAC700D19323 /* Interactor */ = {
			isa = PBXGroup;
			children = (
				AF730F112C60FAD800D19323 /* SignInInteractor.swift */,
			);
			path = Interactor;
			sourceTree = "<group>";
		};
		AFA5DD552C2DAEAF00CBEB1F /* Style */ = {
			isa = PBXGroup;
			children = (
				AFA5DD562C2DAEBE00CBEB1F /* CustomTextFieldStyle.swift */,
			);
			path = Style;
			sourceTree = "<group>";
		};
		AFA5DD582C2DB28100CBEB1F /* Lang */ = {
			isa = PBXGroup;
			children = (
				AFA5DD592C2DB2A500CBEB1F /* String+Extension.swift */,
			);
			path = Lang;
			sourceTree = "<group>";
		};
		AFEE19A52C29CEE800C524BB /* Splash */ = {
			isa = PBXGroup;
			children = (
				AFEE19AC2C29DA6D00C524BB /* ViewModel */,
				AFEE19A72C29CF0200C524BB /* Model */,
				AFEE19A62C29CEFC00C524BB /* View */,
			);
			path = Splash;
			sourceTree = "<group>";
		};
		AFEE19A62C29CEFC00C524BB /* View */ = {
			isa = PBXGroup;
			children = (
				AFEE19A82C29CF2300C524BB /* SplashView.swift */,
			);
			path = View;
			sourceTree = "<group>";
		};
		AFEE19A72C29CF0200C524BB /* Model */ = {
			isa = PBXGroup;
			children = (
				AFEE19AA2C29CFC300C524BB /* SplashUIState.swift */,
			);
			path = Model;
			sourceTree = "<group>";
		};
		AFEE19AC2C29DA6D00C524BB /* ViewModel */ = {
			isa = PBXGroup;
			children = (
				AFEE19AD2C29DA9900C524BB /* SplashViewModel.swift */,
				AFEE19B92C29F04600C524BB /* SplashViewRouter.swift */,
			);
			path = ViewModel;
			sourceTree = "<group>";
		};
		AFEE19AF2C29EEDC00C524BB /* SignIn */ = {
			isa = PBXGroup;
			children = (
				AF730F102C60FAC700D19323 /* Interactor */,
				AFEE19B22C29EEEE00C524BB /* ViewModel */,
				AFEE19B12C29EEE700C524BB /* Model */,
				AFEE19B02C29EEE200C524BB /* View */,
			);
			path = SignIn;
			sourceTree = "<group>";
		};
		AFEE19B02C29EEE200C524BB /* View */ = {
			isa = PBXGroup;
			children = (
				AFEE19B32C29EF0700C524BB /* SignInView.swift */,
			);
			path = View;
			sourceTree = "<group>";
		};
		AFEE19B12C29EEE700C524BB /* Model */ = {
			isa = PBXGroup;
			children = (
				AFEE19B52C29EF3B00C524BB /* SignInUIState.swift */,
				AF0F2AB32C2F37EE0089A10F /* SignInRequest.swift */,
				AF0F2AB52C2F38B10089A10F /* SignInResponse.swift */,
				AF0F2AB72C2F405D0089A10F /* SignInErrorResponse.swift */,
			);
			path = Model;
			sourceTree = "<group>";
		};
		AFEE19B22C29EEEE00C524BB /* ViewModel */ = {
			isa = PBXGroup;
			children = (
				AFEE19B72C29EF4A00C524BB /* SignInViewModel.swift */,
				AF23EA4B2C2C75BB00727F07 /* SignInViewRouter.swift */,
			);
			path = ViewModel;
			sourceTree = "<group>";
		};
/* End PBXGroup section */

/* Begin PBXNativeTarget section */
		AF15309F2C29C395009041A8 /* HabitPlus */ = {
			isa = PBXNativeTarget;
			buildConfigurationList = AF1530C42C29C39A009041A8 /* Build configuration list for PBXNativeTarget "HabitPlus" */;
			buildPhases = (
				AF15309C2C29C395009041A8 /* Sources */,
				AF15309D2C29C395009041A8 /* Frameworks */,
				AF15309E2C29C395009041A8 /* Resources */,
			);
			buildRules = (
			);
			dependencies = (
			);
			name = HabitPlus;
			productName = HabitPlus;
			productReference = AF1530A02C29C395009041A8 /* HabitPlus.app */;
			productType = "com.apple.product-type.application";
		};
		AF1530AF2C29C399009041A8 /* HabitPlusTests */ = {
			isa = PBXNativeTarget;
			buildConfigurationList = AF1530C72C29C39A009041A8 /* Build configuration list for PBXNativeTarget "HabitPlusTests" */;
			buildPhases = (
				AF1530AC2C29C399009041A8 /* Sources */,
				AF1530AD2C29C399009041A8 /* Frameworks */,
				AF1530AE2C29C399009041A8 /* Resources */,
			);
			buildRules = (
			);
			dependencies = (
				AF1530B22C29C399009041A8 /* PBXTargetDependency */,
			);
			name = HabitPlusTests;
			productName = HabitPlusTests;
			productReference = AF1530B02C29C399009041A8 /* HabitPlusTests.xctest */;
			productType = "com.apple.product-type.bundle.unit-test";
		};
		AF1530B92C29C399009041A8 /* HabitPlusUITests */ = {
			isa = PBXNativeTarget;
			buildConfigurationList = AF1530CA2C29C39A009041A8 /* Build configuration list for PBXNativeTarget "HabitPlusUITests" */;
			buildPhases = (
				AF1530B62C29C399009041A8 /* Sources */,
				AF1530B72C29C399009041A8 /* Frameworks */,
				AF1530B82C29C399009041A8 /* Resources */,
			);
			buildRules = (
			);
			dependencies = (
				AF1530BC2C29C399009041A8 /* PBXTargetDependency */,
			);
			name = HabitPlusUITests;
			productName = HabitPlusUITests;
			productReference = AF1530BA2C29C399009041A8 /* HabitPlusUITests.xctest */;
			productType = "com.apple.product-type.bundle.ui-testing";
		};
/* End PBXNativeTarget section */

/* Begin PBXProject section */
		AF1530982C29C395009041A8 /* Project object */ = {
			isa = PBXProject;
			attributes = {
				BuildIndependentTargetsInParallel = 1;
				LastSwiftUpdateCheck = 1540;
				LastUpgradeCheck = 1540;
				TargetAttributes = {
					AF15309F2C29C395009041A8 = {
						CreatedOnToolsVersion = 15.4;
					};
					AF1530AF2C29C399009041A8 = {
						CreatedOnToolsVersion = 15.4;
						TestTargetID = AF15309F2C29C395009041A8;
					};
					AF1530B92C29C399009041A8 = {
						CreatedOnToolsVersion = 15.4;
						TestTargetID = AF15309F2C29C395009041A8;
					};
				};
			};
			buildConfigurationList = AF15309B2C29C395009041A8 /* Build configuration list for PBXProject "HabitPlus" */;
			compatibilityVersion = "Xcode 14.0";
			developmentRegion = en;
			hasScannedForEncodings = 0;
			knownRegions = (
				en,
				Base,
			);
			mainGroup = AF1530972C29C395009041A8;
			productRefGroup = AF1530A12C29C395009041A8 /* Products */;
			projectDirPath = "";
			projectRoot = "";
			targets = (
				AF15309F2C29C395009041A8 /* HabitPlus */,
				AF1530AF2C29C399009041A8 /* HabitPlusTests */,
				AF1530B92C29C399009041A8 /* HabitPlusUITests */,
			);
		};
/* End PBXProject section */

/* Begin PBXResourcesBuildPhase section */
		AF15309E2C29C395009041A8 /* Resources */ = {
			isa = PBXResourcesBuildPhase;
			buildActionMask = 2147483647;
			files = (
				AF1530AB2C29C399009041A8 /* Preview Assets.xcassets in Resources */,
				AF1530A82C29C399009041A8 /* Assets.xcassets in Resources */,
			);
			runOnlyForDeploymentPostprocessing = 0;
		};
		AF1530AE2C29C399009041A8 /* Resources */ = {
			isa = PBXResourcesBuildPhase;
			buildActionMask = 2147483647;
			files = (
			);
			runOnlyForDeploymentPostprocessing = 0;
		};
		AF1530B82C29C399009041A8 /* Resources */ = {
			isa = PBXResourcesBuildPhase;
			buildActionMask = 2147483647;
			files = (
			);
			runOnlyForDeploymentPostprocessing = 0;
		};
/* End PBXResourcesBuildPhase section */

/* Begin PBXSourcesBuildPhase section */
		AF15309C2C29C395009041A8 /* Sources */ = {
			isa = PBXSourcesBuildPhase;
			buildActionMask = 2147483647;
			files = (
				AF0F2AB02C2F2EA30089A10F /* SignUpResponse.swift in Sources */,
				AFEE19BA2C29F04600C524BB /* SplashViewRouter.swift in Sources */,
				AFEE19B42C29EF0700C524BB /* SignInView.swift in Sources */,
				AF730F142C60FCAC00D19323 /* RemoteDataSource.swift in Sources */,
				AFEE19B82C29EF4A00C524BB /* SignInViewModel.swift in Sources */,
				AFA5DD5C2C2DB49000CBEB1F /* LoadingButtonView.swift in Sources */,
				AF0F2AB82C2F405D0089A10F /* SignInErrorResponse.swift in Sources */,
				AFA5DD5A2C2DB2A500CBEB1F /* String+Extension.swift in Sources */,
				AF0F2AB42C2F37EE0089A10F /* SignInRequest.swift in Sources */,
				AF23EA562C2C765B00727F07 /* HomeViewModel.swift in Sources */,
				AF23EA5A2C2C769400727F07 /* SignUpView.swift in Sources */,
				AFEE19AB2C29CFC300C524BB /* SplashUIState.swift in Sources */,
				AF23EA582C2C766D00727F07 /* HomeView.swift in Sources */,
				AF730F122C60FAD800D19323 /* SignInInteractor.swift in Sources */,
				AF0F2AAC2C2F087B0089A10F /* WebService.swift in Sources */,
				AF23EA622C2C853B00727F07 /* SignUpViewModel.swift in Sources */,
				AF1530A42C29C395009041A8 /* HabitPlusApp.swift in Sources */,
				AF23EA642C2C85B000727F07 /* SignUpViewRouter.swift in Sources */,
				AF23EA5E2C2C7A0F00727F07 /* Gender.swift in Sources */,
				AF0F2AB22C2F31120089A10F /* ErrorResponse.swift in Sources */,
				AFEE19A92C29CF2300C524BB /* SplashView.swift in Sources */,
				AF23EA4C2C2C75BB00727F07 /* SignInViewRouter.swift in Sources */,
				AF23EA602C2C84FA00727F07 /* SignUpUIState.swift in Sources */,
				AFA5DD572C2DAEBE00CBEB1F /* CustomTextFieldStyle.swift in Sources */,
				AF3FB3022C2DA80D00A3C77A /* EditTextView.swift in Sources */,
				AF0F2AAE2C2F24680089A10F /* SignUpRequest.swift in Sources */,
				AFEE19AE2C29DA9900C524BB /* SplashViewModel.swift in Sources */,
				AF0F2AB62C2F38B10089A10F /* SignInResponse.swift in Sources */,
				AFEE19B62C29EF3B00C524BB /* SignInUIState.swift in Sources */,
			);
			runOnlyForDeploymentPostprocessing = 0;
		};
		AF1530AC2C29C399009041A8 /* Sources */ = {
			isa = PBXSourcesBuildPhase;
			buildActionMask = 2147483647;
			files = (
				AF1530B52C29C399009041A8 /* HabitPlusTests.swift in Sources */,
			);
			runOnlyForDeploymentPostprocessing = 0;
		};
		AF1530B62C29C399009041A8 /* Sources */ = {
			isa = PBXSourcesBuildPhase;
			buildActionMask = 2147483647;
			files = (
				AF1530BF2C29C399009041A8 /* HabitPlusUITests.swift in Sources */,
				AF1530C12C29C399009041A8 /* HabitPlusUITestsLaunchTests.swift in Sources */,
			);
			runOnlyForDeploymentPostprocessing = 0;
		};
/* End PBXSourcesBuildPhase section */

/* Begin PBXTargetDependency section */
		AF1530B22C29C399009041A8 /* PBXTargetDependency */ = {
			isa = PBXTargetDependency;
			target = AF15309F2C29C395009041A8 /* HabitPlus */;
			targetProxy = AF1530B12C29C399009041A8 /* PBXContainerItemProxy */;
		};
		AF1530BC2C29C399009041A8 /* PBXTargetDependency */ = {
			isa = PBXTargetDependency;
			target = AF15309F2C29C395009041A8 /* HabitPlus */;
			targetProxy = AF1530BB2C29C399009041A8 /* PBXContainerItemProxy */;
		};
/* End PBXTargetDependency section */

/* Begin XCBuildConfiguration section */
		AF1530C22C29C39A009041A8 /* Debug */ = {
			isa = XCBuildConfiguration;
			buildSettings = {
				ALWAYS_SEARCH_USER_PATHS = NO;
				ASSETCATALOG_COMPILER_GENERATE_SWIFT_ASSET_SYMBOL_EXTENSIONS = YES;
				CLANG_ANALYZER_NONNULL = YES;
				CLANG_ANALYZER_NUMBER_OBJECT_CONVERSION = YES_AGGRESSIVE;
				CLANG_CXX_LANGUAGE_STANDARD = "gnu++20";
				CLANG_ENABLE_MODULES = YES;
				CLANG_ENABLE_OBJC_ARC = YES;
				CLANG_ENABLE_OBJC_WEAK = YES;
				CLANG_WARN_BLOCK_CAPTURE_AUTORELEASING = YES;
				CLANG_WARN_BOOL_CONVERSION = YES;
				CLANG_WARN_COMMA = YES;
				CLANG_WARN_CONSTANT_CONVERSION = YES;
				CLANG_WARN_DEPRECATED_OBJC_IMPLEMENTATIONS = YES;
				CLANG_WARN_DIRECT_OBJC_ISA_USAGE = YES_ERROR;
				CLANG_WARN_DOCUMENTATION_COMMENTS = YES;
				CLANG_WARN_EMPTY_BODY = YES;
				CLANG_WARN_ENUM_CONVERSION = YES;
				CLANG_WARN_INFINITE_RECURSION = YES;
				CLANG_WARN_INT_CONVERSION = YES;
				CLANG_WARN_NON_LITERAL_NULL_CONVERSION = YES;
				CLANG_WARN_OBJC_IMPLICIT_RETAIN_SELF = YES;
				CLANG_WARN_OBJC_LITERAL_CONVERSION = YES;
				CLANG_WARN_OBJC_ROOT_CLASS = YES_ERROR;
				CLANG_WARN_QUOTED_INCLUDE_IN_FRAMEWORK_HEADER = YES;
				CLANG_WARN_RANGE_LOOP_ANALYSIS = YES;
				CLANG_WARN_STRICT_PROTOTYPES = YES;
				CLANG_WARN_SUSPICIOUS_MOVE = YES;
				CLANG_WARN_UNGUARDED_AVAILABILITY = YES_AGGRESSIVE;
				CLANG_WARN_UNREACHABLE_CODE = YES;
				CLANG_WARN__DUPLICATE_METHOD_MATCH = YES;
				COPY_PHASE_STRIP = NO;
				DEBUG_INFORMATION_FORMAT = dwarf;
				ENABLE_STRICT_OBJC_MSGSEND = YES;
				ENABLE_TESTABILITY = YES;
				ENABLE_USER_SCRIPT_SANDBOXING = YES;
				GCC_C_LANGUAGE_STANDARD = gnu17;
				GCC_DYNAMIC_NO_PIC = NO;
				GCC_NO_COMMON_BLOCKS = YES;
				GCC_OPTIMIZATION_LEVEL = 0;
				GCC_PREPROCESSOR_DEFINITIONS = (
					"DEBUG=1",
					"$(inherited)",
				);
				GCC_WARN_64_TO_32_BIT_CONVERSION = YES;
				GCC_WARN_ABOUT_RETURN_TYPE = YES_ERROR;
				GCC_WARN_UNDECLARED_SELECTOR = YES;
				GCC_WARN_UNINITIALIZED_AUTOS = YES_AGGRESSIVE;
				GCC_WARN_UNUSED_FUNCTION = YES;
				GCC_WARN_UNUSED_VARIABLE = YES;
				IPHONEOS_DEPLOYMENT_TARGET = 17.5;
				LOCALIZATION_PREFERS_STRING_CATALOGS = YES;
				MTL_ENABLE_DEBUG_INFO = INCLUDE_SOURCE;
				MTL_FAST_MATH = YES;
				ONLY_ACTIVE_ARCH = YES;
				SDKROOT = iphoneos;
				SWIFT_ACTIVE_COMPILATION_CONDITIONS = "DEBUG $(inherited)";
				SWIFT_OPTIMIZATION_LEVEL = "-Onone";
			};
			name = Debug;
		};
		AF1530C32C29C39A009041A8 /* Release */ = {
			isa = XCBuildConfiguration;
			buildSettings = {
				ALWAYS_SEARCH_USER_PATHS = NO;
				ASSETCATALOG_COMPILER_GENERATE_SWIFT_ASSET_SYMBOL_EXTENSIONS = YES;
				CLANG_ANALYZER_NONNULL = YES;
				CLANG_ANALYZER_NUMBER_OBJECT_CONVERSION = YES_AGGRESSIVE;
				CLANG_CXX_LANGUAGE_STANDARD = "gnu++20";
				CLANG_ENABLE_MODULES = YES;
				CLANG_ENABLE_OBJC_ARC = YES;
				CLANG_ENABLE_OBJC_WEAK = YES;
				CLANG_WARN_BLOCK_CAPTURE_AUTORELEASING = YES;
				CLANG_WARN_BOOL_CONVERSION = YES;
				CLANG_WARN_COMMA = YES;
				CLANG_WARN_CONSTANT_CONVERSION = YES;
				CLANG_WARN_DEPRECATED_OBJC_IMPLEMENTATIONS = YES;
				CLANG_WARN_DIRECT_OBJC_ISA_USAGE = YES_ERROR;
				CLANG_WARN_DOCUMENTATION_COMMENTS = YES;
				CLANG_WARN_EMPTY_BODY = YES;
				CLANG_WARN_ENUM_CONVERSION = YES;
				CLANG_WARN_INFINITE_RECURSION = YES;
				CLANG_WARN_INT_CONVERSION = YES;
				CLANG_WARN_NON_LITERAL_NULL_CONVERSION = YES;
				CLANG_WARN_OBJC_IMPLICIT_RETAIN_SELF = YES;
				CLANG_WARN_OBJC_LITERAL_CONVERSION = YES;
				CLANG_WARN_OBJC_ROOT_CLASS = YES_ERROR;
				CLANG_WARN_QUOTED_INCLUDE_IN_FRAMEWORK_HEADER = YES;
				CLANG_WARN_RANGE_LOOP_ANALYSIS = YES;
				CLANG_WARN_STRICT_PROTOTYPES = YES;
				CLANG_WARN_SUSPICIOUS_MOVE = YES;
				CLANG_WARN_UNGUARDED_AVAILABILITY = YES_AGGRESSIVE;
				CLANG_WARN_UNREACHABLE_CODE = YES;
				CLANG_WARN__DUPLICATE_METHOD_MATCH = YES;
				COPY_PHASE_STRIP = NO;
				DEBUG_INFORMATION_FORMAT = "dwarf-with-dsym";
				ENABLE_NS_ASSERTIONS = NO;
				ENABLE_STRICT_OBJC_MSGSEND = YES;
				ENABLE_USER_SCRIPT_SANDBOXING = YES;
				GCC_C_LANGUAGE_STANDARD = gnu17;
				GCC_NO_COMMON_BLOCKS = YES;
				GCC_WARN_64_TO_32_BIT_CONVERSION = YES;
				GCC_WARN_ABOUT_RETURN_TYPE = YES_ERROR;
				GCC_WARN_UNDECLARED_SELECTOR = YES;
				GCC_WARN_UNINITIALIZED_AUTOS = YES_AGGRESSIVE;
				GCC_WARN_UNUSED_FUNCTION = YES;
				GCC_WARN_UNUSED_VARIABLE = YES;
				IPHONEOS_DEPLOYMENT_TARGET = 17.5;
				LOCALIZATION_PREFERS_STRING_CATALOGS = YES;
				MTL_ENABLE_DEBUG_INFO = NO;
				MTL_FAST_MATH = YES;
				SDKROOT = iphoneos;
				SWIFT_COMPILATION_MODE = wholemodule;
				VALIDATE_PRODUCT = YES;
			};
			name = Release;
		};
		AF1530C52C29C39A009041A8 /* Debug */ = {
			isa = XCBuildConfiguration;
			buildSettings = {
				ASSETCATALOG_COMPILER_APPICON_NAME = AppIcon;
				ASSETCATALOG_COMPILER_GLOBAL_ACCENT_COLOR_NAME = AccentColor;
				CODE_SIGN_IDENTITY = "Apple Development";
				CODE_SIGN_STYLE = Automatic;
				CURRENT_PROJECT_VERSION = 1;
				DEVELOPMENT_ASSET_PATHS = "\"HabitPlus/Preview Content\"";
				DEVELOPMENT_TEAM = 966A5PGVX8;
				ENABLE_PREVIEWS = YES;
				GENERATE_INFOPLIST_FILE = YES;
				INFOPLIST_KEY_UIApplicationSceneManifest_Generation = YES;
				INFOPLIST_KEY_UIApplicationSupportsIndirectInputEvents = YES;
				INFOPLIST_KEY_UILaunchScreen_Generation = YES;
				INFOPLIST_KEY_UISupportedInterfaceOrientations_iPad = "UIInterfaceOrientationPortrait UIInterfaceOrientationPortraitUpsideDown UIInterfaceOrientationLandscapeLeft UIInterfaceOrientationLandscapeRight";
				INFOPLIST_KEY_UISupportedInterfaceOrientations_iPhone = "UIInterfaceOrientationPortrait UIInterfaceOrientationLandscapeLeft UIInterfaceOrientationLandscapeRight";
				IPHONEOS_DEPLOYMENT_TARGET = 14.0;
				LD_RUNPATH_SEARCH_PATHS = (
					"$(inherited)",
					"@executable_path/Frameworks",
				);
				MARKETING_VERSION = 1.0;
				PRODUCT_BUNDLE_IDENTIFIER = my.project.2024.HabitPlus;
				PRODUCT_NAME = "$(TARGET_NAME)";
				PROVISIONING_PROFILE_SPECIFIER = "";
				SWIFT_EMIT_LOC_STRINGS = YES;
				SWIFT_VERSION = 5.0;
				TARGETED_DEVICE_FAMILY = "1,2";
			};
			name = Debug;
		};
		AF1530C62C29C39A009041A8 /* Release */ = {
			isa = XCBuildConfiguration;
			buildSettings = {
				ASSETCATALOG_COMPILER_APPICON_NAME = AppIcon;
				ASSETCATALOG_COMPILER_GLOBAL_ACCENT_COLOR_NAME = AccentColor;
				CODE_SIGN_IDENTITY = "Apple Development";
				CODE_SIGN_STYLE = Automatic;
				CURRENT_PROJECT_VERSION = 1;
				DEVELOPMENT_ASSET_PATHS = "\"HabitPlus/Preview Content\"";
				DEVELOPMENT_TEAM = 966A5PGVX8;
				ENABLE_PREVIEWS = YES;
				GENERATE_INFOPLIST_FILE = YES;
				INFOPLIST_KEY_UIApplicationSceneManifest_Generation = YES;
				INFOPLIST_KEY_UIApplicationSupportsIndirectInputEvents = YES;
				INFOPLIST_KEY_UILaunchScreen_Generation = YES;
				INFOPLIST_KEY_UISupportedInterfaceOrientations_iPad = "UIInterfaceOrientationPortrait UIInterfaceOrientationPortraitUpsideDown UIInterfaceOrientationLandscapeLeft UIInterfaceOrientationLandscapeRight";
				INFOPLIST_KEY_UISupportedInterfaceOrientations_iPhone = "UIInterfaceOrientationPortrait UIInterfaceOrientationLandscapeLeft UIInterfaceOrientationLandscapeRight";
				IPHONEOS_DEPLOYMENT_TARGET = 14.0;
				LD_RUNPATH_SEARCH_PATHS = (
					"$(inherited)",
					"@executable_path/Frameworks",
				);
				MARKETING_VERSION = 1.0;
				PRODUCT_BUNDLE_IDENTIFIER = my.project.2024.HabitPlus;
				PRODUCT_NAME = "$(TARGET_NAME)";
				PROVISIONING_PROFILE_SPECIFIER = "";
				SWIFT_EMIT_LOC_STRINGS = YES;
				SWIFT_VERSION = 5.0;
				TARGETED_DEVICE_FAMILY = "1,2";
			};
			name = Release;
		};
		AF1530C82C29C39A009041A8 /* Debug */ = {
			isa = XCBuildConfiguration;
			buildSettings = {
				ALWAYS_EMBED_SWIFT_STANDARD_LIBRARIES = YES;
				BUNDLE_LOADER = "$(TEST_HOST)";
				CODE_SIGN_STYLE = Automatic;
				CURRENT_PROJECT_VERSION = 1;
				DEVELOPMENT_TEAM = 966A5PGVX8;
				GENERATE_INFOPLIST_FILE = YES;
				IPHONEOS_DEPLOYMENT_TARGET = 17.5;
				MARKETING_VERSION = 1.0;
				PRODUCT_BUNDLE_IDENTIFIER = my.project.2023.HabitPlusTests;
				PRODUCT_NAME = "$(TARGET_NAME)";
				SWIFT_EMIT_LOC_STRINGS = NO;
				SWIFT_VERSION = 5.0;
				TARGETED_DEVICE_FAMILY = "1,2";
				TEST_HOST = "$(BUILT_PRODUCTS_DIR)/HabitPlus.app/$(BUNDLE_EXECUTABLE_FOLDER_PATH)/HabitPlus";
			};
			name = Debug;
		};
		AF1530C92C29C39A009041A8 /* Release */ = {
			isa = XCBuildConfiguration;
			buildSettings = {
				ALWAYS_EMBED_SWIFT_STANDARD_LIBRARIES = YES;
				BUNDLE_LOADER = "$(TEST_HOST)";
				CODE_SIGN_STYLE = Automatic;
				CURRENT_PROJECT_VERSION = 1;
				DEVELOPMENT_TEAM = 966A5PGVX8;
				GENERATE_INFOPLIST_FILE = YES;
				IPHONEOS_DEPLOYMENT_TARGET = 17.5;
				MARKETING_VERSION = 1.0;
				PRODUCT_BUNDLE_IDENTIFIER = my.project.2023.HabitPlusTests;
				PRODUCT_NAME = "$(TARGET_NAME)";
				SWIFT_EMIT_LOC_STRINGS = NO;
				SWIFT_VERSION = 5.0;
				TARGETED_DEVICE_FAMILY = "1,2";
				TEST_HOST = "$(BUILT_PRODUCTS_DIR)/HabitPlus.app/$(BUNDLE_EXECUTABLE_FOLDER_PATH)/HabitPlus";
			};
			name = Release;
		};
		AF1530CB2C29C39A009041A8 /* Debug */ = {
			isa = XCBuildConfiguration;
			buildSettings = {
				ALWAYS_EMBED_SWIFT_STANDARD_LIBRARIES = YES;
				CODE_SIGN_STYLE = Automatic;
				CURRENT_PROJECT_VERSION = 1;
				DEVELOPMENT_TEAM = 966A5PGVX8;
				GENERATE_INFOPLIST_FILE = YES;
				MARKETING_VERSION = 1.0;
				PRODUCT_BUNDLE_IDENTIFIER = my.project.2023.HabitPlusUITests;
				PRODUCT_NAME = "$(TARGET_NAME)";
				SWIFT_EMIT_LOC_STRINGS = NO;
				SWIFT_VERSION = 5.0;
				TARGETED_DEVICE_FAMILY = "1,2";
				TEST_TARGET_NAME = HabitPlus;
			};
			name = Debug;
		};
		AF1530CC2C29C39A009041A8 /* Release */ = {
			isa = XCBuildConfiguration;
			buildSettings = {
				ALWAYS_EMBED_SWIFT_STANDARD_LIBRARIES = YES;
				CODE_SIGN_STYLE = Automatic;
				CURRENT_PROJECT_VERSION = 1;
				DEVELOPMENT_TEAM = 966A5PGVX8;
				GENERATE_INFOPLIST_FILE = YES;
				MARKETING_VERSION = 1.0;
				PRODUCT_BUNDLE_IDENTIFIER = my.project.2023.HabitPlusUITests;
				PRODUCT_NAME = "$(TARGET_NAME)";
				SWIFT_EMIT_LOC_STRINGS = NO;
				SWIFT_VERSION = 5.0;
				TARGETED_DEVICE_FAMILY = "1,2";
				TEST_TARGET_NAME = HabitPlus;
			};
			name = Release;
		};
/* End XCBuildConfiguration section */

/* Begin XCConfigurationList section */
		AF15309B2C29C395009041A8 /* Build configuration list for PBXProject "HabitPlus" */ = {
			isa = XCConfigurationList;
			buildConfigurations = (
				AF1530C22C29C39A009041A8 /* Debug */,
				AF1530C32C29C39A009041A8 /* Release */,
			);
			defaultConfigurationIsVisible = 0;
			defaultConfigurationName = Release;
		};
		AF1530C42C29C39A009041A8 /* Build configuration list for PBXNativeTarget "HabitPlus" */ = {
			isa = XCConfigurationList;
			buildConfigurations = (
				AF1530C52C29C39A009041A8 /* Debug */,
				AF1530C62C29C39A009041A8 /* Release */,
			);
			defaultConfigurationIsVisible = 0;
			defaultConfigurationName = Release;
		};
		AF1530C72C29C39A009041A8 /* Build configuration list for PBXNativeTarget "HabitPlusTests" */ = {
			isa = XCConfigurationList;
			buildConfigurations = (
				AF1530C82C29C39A009041A8 /* Debug */,
				AF1530C92C29C39A009041A8 /* Release */,
			);
			defaultConfigurationIsVisible = 0;
			defaultConfigurationName = Release;
		};
		AF1530CA2C29C39A009041A8 /* Build configuration list for PBXNativeTarget "HabitPlusUITests" */ = {
			isa = XCConfigurationList;
			buildConfigurations = (
				AF1530CB2C29C39A009041A8 /* Debug */,
				AF1530CC2C29C39A009041A8 /* Release */,
			);
			defaultConfigurationIsVisible = 0;
			defaultConfigurationName = Release;
		};
/* End XCConfigurationList section */
	};
	rootObject = AF1530982C29C395009041A8 /* Project object */;
}
